// !$*UTF8*$!
{
	archiveVersion = 1;
	classes = {
	};
	objectVersion = 50;
	objects = {

/* Begin PBXBuildFile section */
		CFBFBE10243915AB0023B0EB /* AppDelegate.swift in Sources */ = {isa = PBXBuildFile; fileRef = CFBFBE0F243915AB0023B0EB /* AppDelegate.swift */; };
		CFBFBE12243915AB0023B0EB /* SceneDelegate.swift in Sources */ = {isa = PBXBuildFile; fileRef = CFBFBE11243915AB0023B0EB /* SceneDelegate.swift */; };
		CFBFBE14243915AB0023B0EB /* ViewController.swift in Sources */ = {isa = PBXBuildFile; fileRef = CFBFBE13243915AB0023B0EB /* ViewController.swift */; };
		CFBFBE17243915AB0023B0EB /* Main.storyboard in Resources */ = {isa = PBXBuildFile; fileRef = CFBFBE15243915AB0023B0EB /* Main.storyboard */; };
		CFBFBE19243915AC0023B0EB /* Assets.xcassets in Resources */ = {isa = PBXBuildFile; fileRef = CFBFBE18243915AC0023B0EB /* Assets.xcassets */; };
		CFBFBE1C243915AC0023B0EB /* LaunchScreen.storyboard in Resources */ = {isa = PBXBuildFile; fileRef = CFBFBE1A243915AC0023B0EB /* LaunchScreen.storyboard */; };
/* End PBXBuildFile section */

/* Begin PBXFileReference section */
		CFBFBE0C243915AB0023B0EB /* Kill COVID19.app */ = {isa = PBXFileReference; explicitFileType = wrapper.application; includeInIndex = 0; path = "Kill COVID19.app"; sourceTree = BUILT_PRODUCTS_DIR; };
		CFBFBE0F243915AB0023B0EB /* AppDelegate.swift */ = {isa = PBXFileReference; lastKnownFileType = sourcecode.swift; path = AppDelegate.swift; sourceTree = "<group>"; };
		CFBFBE11243915AB0023B0EB /* SceneDelegate.swift */ = {isa = PBXFileReference; lastKnownFileType = sourcecode.swift; path = SceneDelegate.swift; sourceTree = "<group>"; };
		CFBFBE13243915AB0023B0EB /* ViewController.swift */ = {isa = PBXFileReference; lastKnownFileType = sourcecode.swift; path = ViewController.swift; sourceTree = "<group>"; };
		CFBFBE16243915AB0023B0EB /* Base */ = {isa = PBXFileReference; lastKnownFileType = file.storyboard; name = Base; path = Base.lproj/Main.storyboard; sourceTree = "<group>"; };
		CFBFBE18243915AC0023B0EB /* Assets.xcassets */ = {isa = PBXFileReference; lastKnownFileType = folder.assetcatalog; path = Assets.xcassets; sourceTree = "<group>"; };
		CFBFBE1B243915AC0023B0EB /* Base */ = {isa = PBXFileReference; lastKnownFileType = file.storyboard; name = Base; path = Base.lproj/LaunchScreen.storyboard; sourceTree = "<group>"; };
		CFBFBE1D243915AC0023B0EB /* Info.plist */ = {isa = PBXFileReference; lastKnownFileType = text.plist.xml; path = Info.plist; sourceTree = "<group>"; };
/* End PBXFileReference section */

/* Begin PBXFrameworksBuildPhase section */
		CFBFBE09243915AB0023B0EB /* Frameworks */ = {
			isa = PBXFrameworksBuildPhase;
			buildActionMask = 2147483647;
			files = (
			);
			runOnlyForDeploymentPostprocessing = 0;
		};
/* End PBXFrameworksBuildPhase section */

/* Begin PBXGroup section */
		CFBFBE03243915AB0023B0EB = {
			isa = PBXGroup;
			children = (
				CFBFBE0E243915AB0023B0EB /* Kill COVID19 */,
				CFBFBE0D243915AB0023B0EB /* Products */,
			);
			sourceTree = "<group>";
		};
		CFBFBE0D243915AB0023B0EB /* Products */ = {
			isa = PBXGroup;
			children = (
				CFBFBE0C243915AB0023B0EB /* Kill COVID19.app */,
			);
			name = Products;
			sourceTree = "<group>";
		};
		CFBFBE0E243915AB0023B0EB /* Kill COVID19 */ = {
			isa = PBXGroup;
			children = (
				CFBFBE0F243915AB0023B0EB /* AppDelegate.swift */,
				CFBFBE11243915AB0023B0EB /* SceneDelegate.swift */,
				CFBFBE13243915AB0023B0EB /* ViewController.swift */,
				CFBFBE15243915AB0023B0EB /* Main.storyboard */,
				CFBFBE18243915AC0023B0EB /* Assets.xcassets */,
				CFBFBE1A243915AC0023B0EB /* LaunchScreen.storyboard */,
				CFBFBE1D243915AC0023B0EB /* Info.plist */,
			);
			path = "Kill COVID19";
			sourceTree = "<group>";
		};
/* End PBXGroup section */

/* Begin PBXNativeTarget section */
		CFBFBE0B243915AB0023B0EB /* Kill COVID19 */ = {
			isa = PBXNativeTarget;
			buildConfigurationList = CFBFBE20243915AC0023B0EB /* Build configuration list for PBXNativeTarget "Kill COVID19" */;
			buildPhases = (
				CFBFBE08243915AB0023B0EB /* Sources */,
				CFBFBE09243915AB0023B0EB /* Frameworks */,
				CFBFBE0A243915AB0023B0EB /* Resources */,
			);
			buildRules = (
			);
			dependencies = (
			);
			name = "Kill COVID19";
			productName = "Kill COVID19";
			productReference = CFBFBE0C243915AB0023B0EB /* Kill COVID19.app */;
			productType = "com.apple.product-type.application";
		};
/* End PBXNativeTarget section */

/* Begin PBXProject section */
		CFBFBE04243915AB0023B0EB /* Project object */ = {
			isa = PBXProject;
			attributes = {
				LastSwiftUpdateCheck = 1140;
				LastUpgradeCheck = 1140;
				ORGANIZATIONNAME = Pozolx;
				TargetAttributes = {
					CFBFBE0B243915AB0023B0EB = {
						CreatedOnToolsVersion = 11.4;
					};
				};
			};
			buildConfigurationList = CFBFBE07243915AB0023B0EB /* Build configuration list for PBXProject "Kill COVID19" */;
			compatibilityVersion = "Xcode 9.3";
			developmentRegion = en;
			hasScannedForEncodings = 0;
			knownRegions = (
				en,
				Base,
			);
			mainGroup = CFBFBE03243915AB0023B0EB;
			productRefGroup = CFBFBE0D243915AB0023B0EB /* Products */;
			projectDirPath = "";
			projectRoot = "";
			targets = (
				CFBFBE0B243915AB0023B0EB /* Kill COVID19 */,
			);
		};
/* End PBXProject section */

/* Begin PBXResourcesBuildPhase section */
		CFBFBE0A243915AB0023B0EB /* Resources */ = {
			isa = PBXResourcesBuildPhase;
			buildActionMask = 2147483647;
			files = (
				CFBFBE1C243915AC0023B0EB /* LaunchScreen.storyboard in Resources */,
				CFBFBE19243915AC0023B0EB /* Assets.xcassets in Resources */,
				CFBFBE17243915AB0023B0EB /* Main.storyboard in Resources */,
			);
			runOnlyForDeploymentPostprocessing = 0;
		};
/* End PBXResourcesBuildPhase section */

/* Begin PBXSourcesBuildPhase section */
		CFBFBE08243915AB0023B0EB /* Sources */ = {
			isa = PBXSourcesBuildPhase;
			buildActionMask = 2147483647;
			files = (
				CFBFBE14243915AB0023B0EB /* ViewController.swift in Sources */,
				CFBFBE10243915AB0023B0EB /* AppDelegate.swift in Sources */,
				CFBFBE12243915AB0023B0EB /* SceneDelegate.swift in Sources */,
			);
			runOnlyForDeploymentPostprocessing = 0;
		};
/* End PBXSourcesBuildPhase section */

/* Begin PBXVariantGroup section */
		CFBFBE15243915AB0023B0EB /* Main.storyboard */ = {
			isa = PBXVariantGroup;
			children = (
				CFBFBE16243915AB0023B0EB /* Base */,
			);
			name = Main.storyboard;
			sourceTree = "<group>";
		};
		CFBFBE1A243915AC0023B0EB /* LaunchScreen.storyboard */ = {
			isa = PBXVariantGroup;
			children = (
				CFBFBE1B243915AC0023B0EB /* Base */,
			);
			name = LaunchScreen.storyboard;
			sourceTree = "<group>";
		};
/* End PBXVariantGroup section */

/* Begin XCBuildConfiguration section */
		CFBFBE1E243915AC0023B0EB /* Debug */ = {
			isa = XCBuildConfiguration;
			buildSettings = {
				ALWAYS_SEARCH_USER_PATHS = NO;
				CLANG_ANALYZER_NONNULL = YES;
				CLANG_ANALYZER_NUMBER_OBJECT_CONVERSION = YES_AGGRESSIVE;
				CLANG_CXX_LANGUAGE_STANDARD = "gnu++14";
				CLANG_CXX_LIBRARY = "libc++";
				CLANG_ENABLE_MODULES = YES;
				CLANG_ENABLE_OBJC_ARC = YES;
				CLANG_ENABLE_OBJC_WEAK = YES;
				CLANG_WARN_BLOCK_CAPTURE_AUTORELEASING = YES;
				CLANG_WARN_BOOL_CONVERSION = YES;
				CLANG_WARN_COMMA = YES;
				CLANG_WARN_CONSTANT_CONVERSION = YES;
				CLANG_WARN_DEPRECATED_OBJC_IMPLEMENTATIONS = YES;
				CLANG_WARN_DIRECT_OBJC_ISA_USAGE = YES_ERROR;
				CLANG_WARN_DOCUMENTATION_COMMENTS = YES;
				CLANG_WARN_EMPTY_BODY = YES;
				CLANG_WARN_ENUM_CONVERSION = YES;
				CLANG_WARN_INFINITE_RECURSION = YES;
				CLANG_WARN_INT_CONVERSION = YES;
				CLANG_WARN_NON_LITERAL_NULL_CONVERSION = YES;
				CLANG_WARN_OBJC_IMPLICIT_RETAIN_SELF = YES;
				CLANG_WARN_OBJC_LITERAL_CONVERSION = YES;
				CLANG_WARN_OBJC_ROOT_CLASS = YES_ERROR;
				CLANG_WARN_RANGE_LOOP_ANALYSIS = YES;
				CLANG_WARN_STRICT_PROTOTYPES = YES;
				CLANG_WARN_SUSPICIOUS_MOVE = YES;
				CLANG_WARN_UNGUARDED_AVAILABILITY = YES_AGGRESSIVE;
				CLANG_WARN_UNREACHABLE_CODE = YES;
				CLANG_WARN__DUPLICATE_METHOD_MATCH = YES;
				COPY_PHASE_STRIP = NO;
				DEBUG_INFORMATION_FORMAT = dwarf;
				ENABLE_STRICT_OBJC_MSGSEND = YES;
				ENABLE_TESTABILITY = YES;
				GCC_C_LANGUAGE_STANDARD = gnu11;
				GCC_DYNAMIC_NO_PIC = NO;
				GCC_NO_COMMON_BLOCKS = YES;
				GCC_OPTIMIZATION_LEVEL = 0;
				GCC_PREPROCESSOR_DEFINITIONS = (
					"DEBUG=1",
					"$(inherited)",
				);
				GCC_WARN_64_TO_32_BIT_CONVERSION = YES;
				GCC_WARN_ABOUT_RETURN_TYPE = YES_ERROR;
				GCC_WARN_UNDECLARED_SELECTOR = YES;
				GCC_WARN_UNINITIALIZED_AUTOS = YES_AGGRESSIVE;
				GCC_WARN_UNUSED_FUNCTION = YES;
				GCC_WARN_UNUSED_VARIABLE = YES;
				IPHONEOS_DEPLOYMENT_TARGET = 13.4;
				MTL_ENABLE_DEBUG_INFO = INCLUDE_SOURCE;
				MTL_FAST_MATH = YES;
				ONLY_ACTIVE_ARCH = YES;
				SDKROOT = iphoneos;
				SWIFT_ACTIVE_COMPILATION_CONDITIONS = DEBUG;
				SWIFT_OPTIMIZATION_LEVEL = "-Onone";
			};
			name = Debug;
		};
		CFBFBE1F243915AC0023B0EB /* Release */ = {
			isa = XCBuildConfiguration;
			buildSettings = {
				ALWAYS_SEARCH_USER_PATHS = NO;
				CLANG_ANALYZER_NONNULL = YES;
				CLANG_ANALYZER_NUMBER_OBJECT_CONVERSION = YES_AGGRESSIVE;
				CLANG_CXX_LANGUAGE_STANDARD = "gnu++14";
				CLANG_CXX_LIBRARY = "libc++";
				CLANG_ENABLE_MODULES = YES;
				CLANG_ENABLE_OBJC_ARC = YES;
				CLANG_ENABLE_OBJC_WEAK = YES;
				CLANG_WARN_BLOCK_CAPTURE_AUTORELEASING = YES;
				CLANG_WARN_BOOL_CONVERSION = YES;
				CLANG_WARN_COMMA = YES;
				CLANG_WARN_CONSTANT_CONVERSION = YES;
				CLANG_WARN_DEPRECATED_OBJC_IMPLEMENTATIONS = YES;
				CLANG_WARN_DIRECT_OBJC_ISA_USAGE = YES_ERROR;
				CLANG_WARN_DOCUMENTATION_COMMENTS = YES;
				CLANG_WARN_EMPTY_BODY = YES;
				CLANG_WARN_ENUM_CONVERSION = YES;
				CLANG_WARN_INFINITE_RECURSION = YES;
				CLANG_WARN_INT_CONVERSION = YES;
				CLANG_WARN_NON_LITERAL_NULL_CONVERSION = YES;
				CLANG_WARN_OBJC_IMPLICIT_RETAIN_SELF = YES;
				CLANG_WARN_OBJC_LITERAL_CONVERSION = YES;
				CLANG_WARN_OBJC_ROOT_CLASS = YES_ERROR;
				CLANG_WARN_RANGE_LOOP_ANALYSIS = YES;
				CLANG_WARN_STRICT_PROTOTYPES = YES;
				CLANG_WARN_SUSPICIOUS_MOVE = YES;
				CLANG_WARN_UNGUARDED_AVAILABILITY = YES_AGGRESSIVE;
				CLANG_WARN_UNREACHABLE_CODE = YES;
				CLANG_WARN__DUPLICATE_METHOD_MATCH = YES;
				COPY_PHASE_STRIP = NO;
				DEBUG_INFORMATION_FORMAT = "dwarf-with-dsym";
				ENABLE_NS_ASSERTIONS = NO;
				ENABLE_STRICT_OBJC_MSGSEND = YES;
				GCC_C_LANGUAGE_STANDARD = gnu11;
				GCC_NO_COMMON_BLOCKS = YES;
				GCC_WARN_64_TO_32_BIT_CONVERSION = YES;
				GCC_WARN_ABOUT_RETURN_TYPE = YES_ERROR;
				GCC_WARN_UNDECLARED_SELECTOR = YES;
				GCC_WARN_UNINITIALIZED_AUTOS = YES_AGGRESSIVE;
				GCC_WARN_UNUSED_FUNCTION = YES;
				GCC_WARN_UNUSED_VARIABLE = YES;
				IPHONEOS_DEPLOYMENT_TARGET = 13.4;
				MTL_ENABLE_DEBUG_INFO = NO;
				MTL_FAST_MATH = YES;
				SDKROOT = iphoneos;
				SWIFT_COMPILATION_MODE = wholemodule;
				SWIFT_OPTIMIZATION_LEVEL = "-O";
				VALIDATE_PRODUCT = YES;
			};
			name = Release;
		};
		CFBFBE21243915AC0023B0EB /* Debug */ = {
			isa = XCBuildConfiguration;
			buildSettings = {
				ASSETCATALOG_COMPILER_APPICON_NAME = AppIcon;
				CODE_SIGN_STYLE = Automatic;
				DEVELOPMENT_TEAM = TNSM43P2F3;
				INFOPLIST_FILE = "Kill COVID19/Info.plist";
				LD_RUNPATH_SEARCH_PATHS = (
					"$(inherited)",
					"@executable_path/Frameworks",
				);
				PRODUCT_BUNDLE_IDENTIFIER = "com.javiercueto.Kill-COVID19";
				PRODUCT_NAME = "$(TARGET_NAME)";
				SWIFT_VERSION = 5.0;
				TARGETED_DEVICE_FAMILY = "1,2";
			};
			name = Debug;
		};
		CFBFBE22243915AC0023B0EB /* Release */ = {
			isa = XCBuildConfiguration;
			buildSettings = {
				ASSETCATALOG_COMPILER_APPICON_NAME = AppIcon;
				CODE_SIGN_STYLE = Automatic;
				DEVELOPMENT_TEAM = TNSM43P2F3;
				INFOPLIST_FILE = "Kill COVID19/Info.plist";
				LD_RUNPATH_SEARCH_PATHS = (
					"$(inherited)",
					"@executable_path/Frameworks",
				);
				PRODUCT_BUNDLE_IDENTIFIER = "com.javiercueto.Kill-COVID19";
				PRODUCT_NAME = "$(TARGET_NAME)";
				SWIFT_VERSION = 5.0;
				TARGETED_DEVICE_FAMILY = "1,2";
			};
			name = Release;
		};
/* End XCBuildConfiguration section */

/* Begin XCConfigurationList section */
		CFBFBE07243915AB0023B0EB /* Build configuration list for PBXProject "Kill COVID19" */ = {
			isa = XCConfigurationList;
			buildConfigurations = (
				CFBFBE1E243915AC0023B0EB /* Debug */,
				CFBFBE1F243915AC0023B0EB /* Release */,
			);
			defaultConfigurationIsVisible = 0;
			defaultConfigurationName = Release;
		};
		CFBFBE20243915AC0023B0EB /* Build configuration list for PBXNativeTarget "Kill COVID19" */ = {
			isa = XCConfigurationList;
			buildConfigurations = (
				CFBFBE21243915AC0023B0EB /* Debug */,
				CFBFBE22243915AC0023B0EB /* Release */,
			);
			defaultConfigurationIsVisible = 0;
			defaultConfigurationName = Release;
		};
/* End XCConfigurationList section */
	};
	rootObject = CFBFBE04243915AB0023B0EB /* Project object */;
}
